{
    "version": 3,
    "terraform_version": "0.11.3",
    "serial": 30,
    "lineage": "c1eca204-c47d-4852-9ab6-1b944da8f043",
    "modules": [
        {
            "path": [
                "root"
            ],
            "outputs": {
                "elb_dns_name": {
                    "sensitive": false,
                    "type": "string",
                    "value": "terraform-asg-example-1955502477.us-east-1.elb.amazonaws.com"
                }
            },
            "resources": {
                "aws_autoscaling_group.example": {
                    "type": "aws_autoscaling_group",
                    "depends_on": [
                        "aws_elb.example",
                        "aws_launch_configuration.example",
                        "data.aws_availability_zones.all"
                    ],
                    "primary": {
                        "id": "tf-asg-20180315121640799300000002",
                        "attributes": {
                            "arn": "arn:aws:autoscaling:us-east-1:175471962215:autoScalingGroup:f2c33d5a-7eeb-4ee9-97c2-42565ddde828:autoScalingGroupName/tf-asg-20180315121640799300000002",
                            "availability_zones.#": "6",
                            "availability_zones.1252502072": "us-east-1f",
                            "availability_zones.1305112097": "us-east-1b",
                            "availability_zones.2762590996": "us-east-1d",
                            "availability_zones.3551460226": "us-east-1e",
                            "availability_zones.3569565595": "us-east-1a",
                            "availability_zones.986537655": "us-east-1c",
                            "default_cooldown": "300",
                            "desired_capacity": "2",
                            "force_delete": "false",
                            "health_check_grace_period": "300",
                            "health_check_type": "ELB",
                            "id": "tf-asg-20180315121640799300000002",
                            "launch_configuration": "terraform-20180315121610843500000001",
                            "load_balancers.#": "1",
                            "load_balancers.3603464733": "terraform-asg-example",
                            "max_size": "10",
                            "metrics_granularity": "1Minute",
                            "min_size": "2",
                            "name": "tf-asg-20180315121640799300000002",
                            "placement_group": "",
                            "protect_from_scale_in": "false",
                            "suspended_processes.#": "0",
                            "tag.#": "1",
                            "tag.4170447404.key": "Name",
                            "tag.4170447404.propagate_at_launch": "true",
                            "tag.4170447404.value": "terraform-asg-example",
                            "target_group_arns.#": "0",
                            "termination_policies.#": "0",
                            "vpc_zone_identifier.#": "0",
                            "wait_for_capacity_timeout": "10m"
                        },
                        "meta": {
                            "e2bfb730-ecaa-11e6-8f88-34363bc7c4c0": {
                                "delete": 600000000000
                            }
                        },
                        "tainted": false
                    },
                    "deposed": [],
                    "provider": "provider.aws"
                },
                "aws_elb.example": {
                    "type": "aws_elb",
                    "depends_on": [
                        "aws_security_group.elb",
                        "data.aws_availability_zones.all"
                    ],
                    "primary": {
                        "id": "terraform-asg-example",
                        "attributes": {
                            "access_logs.#": "0",
                            "arn": "arn:aws:elasticloadbalancing:us-east-1:175471962215:loadbalancer/terraform-asg-example",
                            "availability_zones.#": "6",
                            "availability_zones.1252502072": "us-east-1f",
                            "availability_zones.1305112097": "us-east-1b",
                            "availability_zones.2762590996": "us-east-1d",
                            "availability_zones.3551460226": "us-east-1e",
                            "availability_zones.3569565595": "us-east-1a",
                            "availability_zones.986537655": "us-east-1c",
                            "connection_draining": "false",
                            "connection_draining_timeout": "300",
                            "cross_zone_load_balancing": "true",
                            "dns_name": "terraform-asg-example-1955502477.us-east-1.elb.amazonaws.com",
                            "health_check.#": "1",
                            "health_check.0.healthy_threshold": "2",
                            "health_check.0.interval": "30",
                            "health_check.0.target": "HTTP:8080/",
                            "health_check.0.timeout": "3",
                            "health_check.0.unhealthy_threshold": "2",
                            "id": "terraform-asg-example",
                            "idle_timeout": "60",
                            "instances.#": "0",
                            "internal": "false",
                            "listener.#": "1",
                            "listener.3931999347.instance_port": "8080",
                            "listener.3931999347.instance_protocol": "http",
                            "listener.3931999347.lb_port": "80",
                            "listener.3931999347.lb_protocol": "http",
                            "listener.3931999347.ssl_certificate_id": "",
                            "name": "terraform-asg-example",
                            "security_groups.#": "1",
                            "security_groups.1957659094": "sg-32731744",
                            "source_security_group": "175471962215/terraform-example-elb",
                            "source_security_group_id": "sg-32731744",
                            "subnets.#": "6",
                            "subnets.1731702833": "subnet-1a4c087f",
                            "subnets.205229847": "subnet-2cc1c675",
                            "subnets.3633719459": "subnet-e2875cdf",
                            "subnets.3657059379": "subnet-036d8075",
                            "subnets.409034705": "subnet-2dea7721",
                            "subnets.487167375": "subnet-8c3a0da7",
                            "tags.%": "0",
                            "zone_id": "Z35SXDOTRQ7X7K"
                        },
                        "meta": {},
                        "tainted": false
                    },
                    "deposed": [],
                    "provider": "provider.aws"
                },
                "aws_launch_configuration.example": {
                    "type": "aws_launch_configuration",
                    "depends_on": [
                        "aws_security_group.instance",
                        "data.template_file.user_data"
                    ],
                    "primary": {
                        "id": "terraform-20180315121610843500000001",
                        "attributes": {
                            "associate_public_ip_address": "false",
                            "ebs_block_device.#": "0",
                            "ebs_optimized": "false",
                            "enable_monitoring": "true",
                            "ephemeral_block_device.#": "0",
                            "iam_instance_profile": "",
                            "id": "terraform-20180315121610843500000001",
                            "image_id": "ami-40d28157",
                            "instance_type": "t2.micro",
                            "key_name": "",
                            "name": "terraform-20180315121610843500000001",
                            "root_block_device.#": "0",
                            "security_groups.#": "1",
                            "security_groups.283644743": "sg-ed7d199b",
                            "spot_price": "",
                            "user_data": "412f06b30ead0eb0f5523f47b5d3503a6eae0a15",
                            "vpc_classic_link_id": "",
                            "vpc_classic_link_security_groups.#": "0"
                        },
                        "meta": {},
                        "tainted": false
                    },
                    "deposed": [],
                    "provider": "provider.aws"
                },
                "aws_security_group.elb": {
                    "type": "aws_security_group",
                    "depends_on": [],
                    "primary": {
                        "id": "sg-32731744",
                        "attributes": {
                            "description": "Managed by Terraform",
                            "egress.#": "1",
                            "egress.482069346.cidr_blocks.#": "1",
                            "egress.482069346.cidr_blocks.0": "0.0.0.0/0",
                            "egress.482069346.description": "",
                            "egress.482069346.from_port": "0",
                            "egress.482069346.ipv6_cidr_blocks.#": "0",
                            "egress.482069346.prefix_list_ids.#": "0",
                            "egress.482069346.protocol": "-1",
                            "egress.482069346.security_groups.#": "0",
                            "egress.482069346.self": "false",
                            "egress.482069346.to_port": "0",
                            "id": "sg-32731744",
                            "ingress.#": "1",
                            "ingress.2214680975.cidr_blocks.#": "1",
                            "ingress.2214680975.cidr_blocks.0": "0.0.0.0/0",
                            "ingress.2214680975.description": "",
                            "ingress.2214680975.from_port": "80",
                            "ingress.2214680975.ipv6_cidr_blocks.#": "0",
                            "ingress.2214680975.protocol": "tcp",
                            "ingress.2214680975.security_groups.#": "0",
                            "ingress.2214680975.self": "false",
                            "ingress.2214680975.to_port": "80",
                            "name": "terraform-example-elb",
                            "owner_id": "175471962215",
                            "revoke_rules_on_delete": "false",
                            "tags.%": "0",
                            "vpc_id": "vpc-56bc1232"
                        },
                        "meta": {
                            "e2bfb730-ecaa-11e6-8f88-34363bc7c4c0": {
                                "create": 600000000000,
                                "delete": 600000000000
                            },
                            "schema_version": "1"
                        },
                        "tainted": false
                    },
                    "deposed": [],
                    "provider": "provider.aws"
                },
                "aws_security_group.instance": {
                    "type": "aws_security_group",
                    "depends_on": [],
                    "primary": {
                        "id": "sg-ed7d199b",
                        "attributes": {
                            "description": "Managed by Terraform",
                            "egress.#": "0",
                            "id": "sg-ed7d199b",
                            "ingress.#": "1",
                            "ingress.516175195.cidr_blocks.#": "1",
                            "ingress.516175195.cidr_blocks.0": "0.0.0.0/0",
                            "ingress.516175195.description": "",
                            "ingress.516175195.from_port": "8080",
                            "ingress.516175195.ipv6_cidr_blocks.#": "0",
                            "ingress.516175195.protocol": "tcp",
                            "ingress.516175195.security_groups.#": "0",
                            "ingress.516175195.self": "false",
                            "ingress.516175195.to_port": "8080",
                            "name": "terraform-example-instance",
                            "owner_id": "175471962215",
                            "revoke_rules_on_delete": "false",
                            "tags.%": "0",
                            "vpc_id": "vpc-56bc1232"
                        },
                        "meta": {
                            "e2bfb730-ecaa-11e6-8f88-34363bc7c4c0": {
                                "create": 600000000000,
                                "delete": 600000000000
                            },
                            "schema_version": "1"
                        },
                        "tainted": false
                    },
                    "deposed": [],
                    "provider": "provider.aws"
                },
                "data.aws_availability_zones.all": {
                    "type": "aws_availability_zones",
                    "depends_on": [],
                    "primary": {
                        "id": "2018-03-15 12:15:34.240102 +0000 UTC",
                        "attributes": {
                            "id": "2018-03-15 12:15:34.240102 +0000 UTC",
                            "names.#": "6",
                            "names.0": "us-east-1a",
                            "names.1": "us-east-1b",
                            "names.2": "us-east-1c",
                            "names.3": "us-east-1d",
                            "names.4": "us-east-1e",
                            "names.5": "us-east-1f"
                        },
                        "meta": {},
                        "tainted": false
                    },
                    "deposed": [],
                    "provider": "provider.aws"
                },
                "data.template_file.user_data": {
                    "type": "template_file",
                    "depends_on": [
                        "data.terraform_remote_state.db"
                    ],
                    "primary": {
                        "id": "bebc0198049932683b4cdde019b1b7c8144195abe2c875cbe84f2124a74827f9",
                        "attributes": {
                            "id": "bebc0198049932683b4cdde019b1b7c8144195abe2c875cbe84f2124a74827f9",
                            "rendered": "#!/bin/bash\n\ncat \u003e index.html \u003c\u003cEOF\n\u003ch1\u003eHello, World\u003c/h1\u003e\n\u003cp\u003eDB address: terraform-20180315094635846100000001.c6ajvxznziqn.us-east-1.rds.amazonaws.com\u003c/p\u003e\n\u003cp\u003eDB port: 3306\u003c/p\u003e\nEOF\n\nnohup busybox httpd -f -p \"8080\" \u0026\n",
                            "template": "#!/bin/bash\n\ncat \u003e index.html \u003c\u003cEOF\n\u003ch1\u003eHello, World\u003c/h1\u003e\n\u003cp\u003eDB address: ${db_address}\u003c/p\u003e\n\u003cp\u003eDB port: ${db_port}\u003c/p\u003e\nEOF\n\nnohup busybox httpd -f -p \"${server_port}\" \u0026\n",
                            "vars.%": "3",
                            "vars.db_address": "terraform-20180315094635846100000001.c6ajvxznziqn.us-east-1.rds.amazonaws.com",
                            "vars.db_port": "3306",
                            "vars.server_port": "8080"
                        },
                        "meta": {},
                        "tainted": false
                    },
                    "deposed": [],
                    "provider": "provider.template"
                },
                "data.terraform_remote_state.db": {
                    "type": "terraform_remote_state",
                    "depends_on": [],
                    "primary": {
                        "id": "2018-03-15 12:15:36.570578 +0000 UTC",
                        "attributes": {
                            "address": "terraform-20180315094635846100000001.c6ajvxznziqn.us-east-1.rds.amazonaws.com",
                            "backend": "s3",
                            "config.%": "3",
                            "config.bucket": "terraform-up-and-running-state-david",
                            "config.key": "stage/data-stores/mysql/terraform.tfstate",
                            "config.region": "us-east-1",
                            "environment": "default",
                            "id": "2018-03-15 12:15:36.570578 +0000 UTC",
                            "port": "3306",
                            "workspace": "default"
                        },
                        "meta": {},
                        "tainted": false
                    },
                    "deposed": [],
                    "provider": "provider.terraform"
                }
            },
            "depends_on": []
        }
    ]
}
